
Microsoft Visual Studio Solution File, Format Version 12.00
# Visual Studio Version 16
VisualStudioVersion = 16.0.31729.503
MinimumVisualStudioVersion = 10.0.40219.1
Project("{8BC9CEB8-8B4A-11D0-8D11-00A0C91BC942}") = "day2", "day2\day2.vcxproj", "{D68F49EF-F4EE-42E3-81C8-F2EDD3409AC2}"
EndProject
Project("{8BC9CEB8-8B4A-11D0-8D11-00A0C91BC942}") = "day3", "day3\day3.vcxproj", "{60AC355E-88E6-4328-85C1-305F7CACD6DD}"
EndProject
Project("{8BC9CEB8-8B4A-11D0-8D11-00A0C91BC942}") = "day4", "day4\day4.vcxproj", "{D108A4DC-B981-4AFB-9DF8-125BB4D060EC}"
EndProject
Project("{8BC9CEB8-8B4A-11D0-8D11-00A0C91BC942}") = "day5", "day5\day5.vcxproj", "{FE03DCB9-7083-4C47-B028-B3F05347CA40}"
EndProject
Project("{8BC9CEB8-8B4A-11D0-8D11-00A0C91BC942}") = "day6", "day6\day6.vcxproj", "{5C97E4ED-B711-457D-A2D3-193DBF641898}"
EndProject
Project("{8BC9CEB8-8B4A-11D0-8D11-00A0C91BC942}") = "day7", "day7\day7.vcxproj", "{D5030F0E-7B8E-47FF-A9EF-15EDA26DADCD}"
EndProject
Global
	GlobalSection(SolutionConfigurationPlatforms) = preSolution
		Debug|ARM = Debug|ARM
		Debug|ARM64 = Debug|ARM64
		Debug|ARM64EC = Debug|ARM64EC
		Debug|x64 = Debug|x64
		Debug|x86 = Debug|x86
		Release|ARM = Release|ARM
		Release|ARM64 = Release|ARM64
		Release|ARM64EC = Release|ARM64EC
		Release|x64 = Release|x64
		Release|x86 = Release|x86
	EndGlobalSection
	GlobalSection(ProjectConfigurationPlatforms) = postSolution
		{D68F49EF-F4EE-42E3-81C8-F2EDD3409AC2}.Debug|ARM.ActiveCfg = Debug|ARM
		{D68F49EF-F4EE-42E3-81C8-F2EDD3409AC2}.Debug|ARM.Build.0 = Debug|ARM
		{D68F49EF-F4EE-42E3-81C8-F2EDD3409AC2}.Debug|ARM64.ActiveCfg = Debug|ARM64
		{D68F49EF-F4EE-42E3-81C8-F2EDD3409AC2}.Debug|ARM64.Build.0 = Debug|ARM64
		{D68F49EF-F4EE-42E3-81C8-F2EDD3409AC2}.Debug|ARM64EC.ActiveCfg = Debug|ARM64EC
		{D68F49EF-F4EE-42E3-81C8-F2EDD3409AC2}.Debug|ARM64EC.Build.0 = Debug|ARM64EC
		{D68F49EF-F4EE-42E3-81C8-F2EDD3409AC2}.Debug|x64.ActiveCfg = Debug|x64
		{D68F49EF-F4EE-42E3-81C8-F2EDD3409AC2}.Debug|x64.Build.0 = Debug|x64
		{D68F49EF-F4EE-42E3-81C8-F2EDD3409AC2}.Debug|x86.ActiveCfg = Debug|Win32
		{D68F49EF-F4EE-42E3-81C8-F2EDD3409AC2}.Debug|x86.Build.0 = Debug|Win32
		{D68F49EF-F4EE-42E3-81C8-F2EDD3409AC2}.Release|ARM.ActiveCfg = Release|ARM
		{D68F49EF-F4EE-42E3-81C8-F2EDD3409AC2}.Release|ARM.Build.0 = Release|ARM
		{D68F49EF-F4EE-42E3-81C8-F2EDD3409AC2}.Release|ARM64.ActiveCfg = Release|ARM64
		{D68F49EF-F4EE-42E3-81C8-F2EDD3409AC2}.Release|ARM64.Build.0 = Release|ARM64
		{D68F49EF-F4EE-42E3-81C8-F2EDD3409AC2}.Release|ARM64EC.ActiveCfg = Release|ARM64EC
		{D68F49EF-F4EE-42E3-81C8-F2EDD3409AC2}.Release|ARM64EC.Build.0 = Release|ARM64EC
		{D68F49EF-F4EE-42E3-81C8-F2EDD3409AC2}.Release|x64.ActiveCfg = Release|x64
		{D68F49EF-F4EE-42E3-81C8-F2EDD3409AC2}.Release|x64.Build.0 = Release|x64
		{D68F49EF-F4EE-42E3-81C8-F2EDD3409AC2}.Release|x86.ActiveCfg = Release|Win32
		{D68F49EF-F4EE-42E3-81C8-F2EDD3409AC2}.Release|x86.Build.0 = Release|Win32
		{60AC355E-88E6-4328-85C1-305F7CACD6DD}.Debug|ARM.ActiveCfg = Debug|ARM
		{60AC355E-88E6-4328-85C1-305F7CACD6DD}.Debug|ARM.Build.0 = Debug|ARM
		{60AC355E-88E6-4328-85C1-305F7CACD6DD}.Debug|ARM64.ActiveCfg = Debug|ARM64
		{60AC355E-88E6-4328-85C1-305F7CACD6DD}.Debug|ARM64.Build.0 = Debug|ARM64
		{60AC355E-88E6-4328-85C1-305F7CACD6DD}.Debug|ARM64EC.ActiveCfg = Debug|ARM64EC
		{60AC355E-88E6-4328-85C1-305F7CACD6DD}.Debug|ARM64EC.Build.0 = Debug|ARM64EC
		{60AC355E-88E6-4328-85C1-305F7CACD6DD}.Debug|x64.ActiveCfg = Debug|x64
		{60AC355E-88E6-4328-85C1-305F7CACD6DD}.Debug|x64.Build.0 = Debug|x64
		{60AC355E-88E6-4328-85C1-305F7CACD6DD}.Debug|x86.ActiveCfg = Debug|Win32
		{60AC355E-88E6-4328-85C1-305F7CACD6DD}.Debug|x86.Build.0 = Debug|Win32
		{60AC355E-88E6-4328-85C1-305F7CACD6DD}.Release|ARM.ActiveCfg = Release|ARM
		{60AC355E-88E6-4328-85C1-305F7CACD6DD}.Release|ARM.Build.0 = Release|ARM
		{60AC355E-88E6-4328-85C1-305F7CACD6DD}.Release|ARM64.ActiveCfg = Release|ARM64
		{60AC355E-88E6-4328-85C1-305F7CACD6DD}.Release|ARM64.Build.0 = Release|ARM64
		{60AC355E-88E6-4328-85C1-305F7CACD6DD}.Release|ARM64EC.ActiveCfg = Release|ARM64EC
		{60AC355E-88E6-4328-85C1-305F7CACD6DD}.Release|ARM64EC.Build.0 = Release|ARM64EC
		{60AC355E-88E6-4328-85C1-305F7CACD6DD}.Release|x64.ActiveCfg = Release|x64
		{60AC355E-88E6-4328-85C1-305F7CACD6DD}.Release|x64.Build.0 = Release|x64
		{60AC355E-88E6-4328-85C1-305F7CACD6DD}.Release|x86.ActiveCfg = Release|Win32
		{60AC355E-88E6-4328-85C1-305F7CACD6DD}.Release|x86.Build.0 = Release|Win32
		{D108A4DC-B981-4AFB-9DF8-125BB4D060EC}.Debug|ARM.ActiveCfg = Debug|ARM
		{D108A4DC-B981-4AFB-9DF8-125BB4D060EC}.Debug|ARM.Build.0 = Debug|ARM
		{D108A4DC-B981-4AFB-9DF8-125BB4D060EC}.Debug|ARM64.ActiveCfg = Debug|ARM64
		{D108A4DC-B981-4AFB-9DF8-125BB4D060EC}.Debug|ARM64.Build.0 = Debug|ARM64
		{D108A4DC-B981-4AFB-9DF8-125BB4D060EC}.Debug|ARM64EC.ActiveCfg = Debug|ARM64EC
		{D108A4DC-B981-4AFB-9DF8-125BB4D060EC}.Debug|ARM64EC.Build.0 = Debug|ARM64EC
		{D108A4DC-B981-4AFB-9DF8-125BB4D060EC}.Debug|x64.ActiveCfg = Debug|x64
		{D108A4DC-B981-4AFB-9DF8-125BB4D060EC}.Debug|x64.Build.0 = Debug|x64
		{D108A4DC-B981-4AFB-9DF8-125BB4D060EC}.Debug|x86.ActiveCfg = Debug|Win32
		{D108A4DC-B981-4AFB-9DF8-125BB4D060EC}.Debug|x86.Build.0 = Debug|Win32
		{D108A4DC-B981-4AFB-9DF8-125BB4D060EC}.Release|ARM.ActiveCfg = Release|ARM
		{D108A4DC-B981-4AFB-9DF8-125BB4D060EC}.Release|ARM.Build.0 = Release|ARM
		{D108A4DC-B981-4AFB-9DF8-125BB4D060EC}.Release|ARM64.ActiveCfg = Release|ARM64
		{D108A4DC-B981-4AFB-9DF8-125BB4D060EC}.Release|ARM64.Build.0 = Release|ARM64
		{D108A4DC-B981-4AFB-9DF8-125BB4D060EC}.Release|ARM64EC.ActiveCfg = Release|ARM64EC
		{D108A4DC-B981-4AFB-9DF8-125BB4D060EC}.Release|ARM64EC.Build.0 = Release|ARM64EC
		{D108A4DC-B981-4AFB-9DF8-125BB4D060EC}.Release|x64.ActiveCfg = Release|x64
		{D108A4DC-B981-4AFB-9DF8-125BB4D060EC}.Release|x64.Build.0 = Release|x64
		{D108A4DC-B981-4AFB-9DF8-125BB4D060EC}.Release|x86.ActiveCfg = Release|Win32
		{D108A4DC-B981-4AFB-9DF8-125BB4D060EC}.Release|x86.Build.0 = Release|Win32
		{FE03DCB9-7083-4C47-B028-B3F05347CA40}.Debug|ARM.ActiveCfg = Debug|ARM
		{FE03DCB9-7083-4C47-B028-B3F05347CA40}.Debug|ARM.Build.0 = Debug|ARM
		{FE03DCB9-7083-4C47-B028-B3F05347CA40}.Debug|ARM64.ActiveCfg = Debug|ARM64
		{FE03DCB9-7083-4C47-B028-B3F05347CA40}.Debug|ARM64.Build.0 = Debug|ARM64
		{FE03DCB9-7083-4C47-B028-B3F05347CA40}.Debug|ARM64EC.ActiveCfg = Debug|ARM64EC
		{FE03DCB9-7083-4C47-B028-B3F05347CA40}.Debug|ARM64EC.Build.0 = Debug|ARM64EC
		{FE03DCB9-7083-4C47-B028-B3F05347CA40}.Debug|x64.ActiveCfg = Debug|x64
		{FE03DCB9-7083-4C47-B028-B3F05347CA40}.Debug|x64.Build.0 = Debug|x64
		{FE03DCB9-7083-4C47-B028-B3F05347CA40}.Debug|x86.ActiveCfg = Debug|Win32
		{FE03DCB9-7083-4C47-B028-B3F05347CA40}.Debug|x86.Build.0 = Debug|Win32
		{FE03DCB9-7083-4C47-B028-B3F05347CA40}.Release|ARM.ActiveCfg = Release|ARM
		{FE03DCB9-7083-4C47-B028-B3F05347CA40}.Release|ARM.Build.0 = Release|ARM
		{FE03DCB9-7083-4C47-B028-B3F05347CA40}.Release|ARM64.ActiveCfg = Release|ARM64
		{FE03DCB9-7083-4C47-B028-B3F05347CA40}.Release|ARM64.Build.0 = Release|ARM64
		{FE03DCB9-7083-4C47-B028-B3F05347CA40}.Release|ARM64EC.ActiveCfg = Release|ARM64EC
		{FE03DCB9-7083-4C47-B028-B3F05347CA40}.Release|ARM64EC.Build.0 = Release|ARM64EC
		{FE03DCB9-7083-4C47-B028-B3F05347CA40}.Release|x64.ActiveCfg = Release|x64
		{FE03DCB9-7083-4C47-B028-B3F05347CA40}.Release|x64.Build.0 = Release|x64
		{FE03DCB9-7083-4C47-B028-B3F05347CA40}.Release|x86.ActiveCfg = Release|Win32
		{FE03DCB9-7083-4C47-B028-B3F05347CA40}.Release|x86.Build.0 = Release|Win32
		{5C97E4ED-B711-457D-A2D3-193DBF641898}.Debug|ARM.ActiveCfg = Debug|ARM
		{5C97E4ED-B711-457D-A2D3-193DBF641898}.Debug|ARM.Build.0 = Debug|ARM
		{5C97E4ED-B711-457D-A2D3-193DBF641898}.Debug|ARM64.ActiveCfg = Debug|ARM64
		{5C97E4ED-B711-457D-A2D3-193DBF641898}.Debug|ARM64.Build.0 = Debug|ARM64
		{5C97E4ED-B711-457D-A2D3-193DBF641898}.Debug|ARM64EC.ActiveCfg = Debug|ARM64EC
		{5C97E4ED-B711-457D-A2D3-193DBF641898}.Debug|ARM64EC.Build.0 = Debug|ARM64EC
		{5C97E4ED-B711-457D-A2D3-193DBF641898}.Debug|x64.ActiveCfg = Debug|x64
		{5C97E4ED-B711-457D-A2D3-193DBF641898}.Debug|x64.Build.0 = Debug|x64
		{5C97E4ED-B711-457D-A2D3-193DBF641898}.Debug|x86.ActiveCfg = Debug|Win32
		{5C97E4ED-B711-457D-A2D3-193DBF641898}.Debug|x86.Build.0 = Debug|Win32
		{5C97E4ED-B711-457D-A2D3-193DBF641898}.Release|ARM.ActiveCfg = Release|ARM
		{5C97E4ED-B711-457D-A2D3-193DBF641898}.Release|ARM.Build.0 = Release|ARM
		{5C97E4ED-B711-457D-A2D3-193DBF641898}.Release|ARM64.ActiveCfg = Release|ARM64
		{5C97E4ED-B711-457D-A2D3-193DBF641898}.Release|ARM64.Build.0 = Release|ARM64
		{5C97E4ED-B711-457D-A2D3-193DBF641898}.Release|ARM64EC.ActiveCfg = Release|ARM64EC
		{5C97E4ED-B711-457D-A2D3-193DBF641898}.Release|ARM64EC.Build.0 = Release|ARM64EC
		{5C97E4ED-B711-457D-A2D3-193DBF641898}.Release|x64.ActiveCfg = Release|x64
		{5C97E4ED-B711-457D-A2D3-193DBF641898}.Release|x64.Build.0 = Release|x64
		{5C97E4ED-B711-457D-A2D3-193DBF641898}.Release|x86.ActiveCfg = Release|Win32
		{5C97E4ED-B711-457D-A2D3-193DBF641898}.Release|x86.Build.0 = Release|Win32
		{D5030F0E-7B8E-47FF-A9EF-15EDA26DADCD}.Debug|ARM.ActiveCfg = Debug|ARM
		{D5030F0E-7B8E-47FF-A9EF-15EDA26DADCD}.Debug|ARM.Build.0 = Debug|ARM
		{D5030F0E-7B8E-47FF-A9EF-15EDA26DADCD}.Debug|ARM64.ActiveCfg = Debug|ARM64
		{D5030F0E-7B8E-47FF-A9EF-15EDA26DADCD}.Debug|ARM64.Build.0 = Debug|ARM64
		{D5030F0E-7B8E-47FF-A9EF-15EDA26DADCD}.Debug|ARM64EC.ActiveCfg = Debug|ARM64EC
		{D5030F0E-7B8E-47FF-A9EF-15EDA26DADCD}.Debug|ARM64EC.Build.0 = Debug|ARM64EC
		{D5030F0E-7B8E-47FF-A9EF-15EDA26DADCD}.Debug|x64.ActiveCfg = Debug|x64
		{D5030F0E-7B8E-47FF-A9EF-15EDA26DADCD}.Debug|x64.Build.0 = Debug|x64
		{D5030F0E-7B8E-47FF-A9EF-15EDA26DADCD}.Debug|x86.ActiveCfg = Debug|Win32
		{D5030F0E-7B8E-47FF-A9EF-15EDA26DADCD}.Debug|x86.Build.0 = Debug|Win32
		{D5030F0E-7B8E-47FF-A9EF-15EDA26DADCD}.Release|ARM.ActiveCfg = Release|ARM
		{D5030F0E-7B8E-47FF-A9EF-15EDA26DADCD}.Release|ARM.Build.0 = Release|ARM
		{D5030F0E-7B8E-47FF-A9EF-15EDA26DADCD}.Release|ARM64.ActiveCfg = Release|ARM64
		{D5030F0E-7B8E-47FF-A9EF-15EDA26DADCD}.Release|ARM64.Build.0 = Release|ARM64
		{D5030F0E-7B8E-47FF-A9EF-15EDA26DADCD}.Release|ARM64EC.ActiveCfg = Release|ARM64EC
		{D5030F0E-7B8E-47FF-A9EF-15EDA26DADCD}.Release|ARM64EC.Build.0 = Release|ARM64EC
		{D5030F0E-7B8E-47FF-A9EF-15EDA26DADCD}.Release|x64.ActiveCfg = Release|x64
		{D5030F0E-7B8E-47FF-A9EF-15EDA26DADCD}.Release|x64.Build.0 = Release|x64
		{D5030F0E-7B8E-47FF-A9EF-15EDA26DADCD}.Release|x86.ActiveCfg = Release|Win32
		{D5030F0E-7B8E-47FF-A9EF-15EDA26DADCD}.Release|x86.Build.0 = Release|Win32
	EndGlobalSection
	GlobalSection(SolutionProperties) = preSolution
		HideSolutionNode = FALSE
	EndGlobalSection
	GlobalSection(ExtensibilityGlobals) = postSolution
		SolutionGuid = {AD7701F8-E9F7-49C9-A291-833A41223A71}
	EndGlobalSection
EndGlobal
