
Microsoft Visual Studio Solution File, Format Version 12.00
# Visual Studio Version 16
VisualStudioVersion = 16.0.31729.503
MinimumVisualStudioVersion = 10.0.40219.1
Project("{8BC9CEB8-8B4A-11D0-8D11-00A0C91BC942}") = "day2", "day2\day2.vcxproj", "{D68F49EF-F4EE-42E3-81C8-F2EDD3409AC2}"
EndProject
Project("{8BC9CEB8-8B4A-11D0-8D11-00A0C91BC942}") = "day3", "day3\day3.vcxproj", "{60AC355E-88E6-4328-85C1-305F7CACD6DD}"
EndProject
Project("{8BC9CEB8-8B4A-11D0-8D11-00A0C91BC942}") = "day4", "day4\day4.vcxproj", "{D108A4DC-B981-4AFB-9DF8-125BB4D060EC}"
EndProject
Project("{8BC9CEB8-8B4A-11D0-8D11-00A0C91BC942}") = "day5", "day5\day5.vcxproj", "{FE03DCB9-7083-4C47-B028-B3F05347CA40}"
EndProject
Project("{8BC9CEB8-8B4A-11D0-8D11-00A0C91BC942}") = "day6", "day6\day6.vcxproj", "{5C97E4ED-B711-457D-A2D3-193DBF641898}"
EndProject
Project("{8BC9CEB8-8B4A-11D0-8D11-00A0C91BC942}") = "day7", "day7\day7.vcxproj", "{D5030F0E-7B8E-47FF-A9EF-15EDA26DADCD}"
EndProject
Project("{8BC9CEB8-8B4A-11D0-8D11-00A0C91BC942}") = "day8", "day8\day8.vcxproj", "{CA9BB1D6-80E8-4BB9-B622-1FDB1EFE50DA}"
EndProject
Project("{8BC9CEB8-8B4A-11D0-8D11-00A0C91BC942}") = "day9", "day9\day9.vcxproj", "{247021DF-A25F-4C0F-9D92-68F963959887}"
EndProject
Project("{8BC9CEB8-8B4A-11D0-8D11-00A0C91BC942}") = "day10", "day10\day10.vcxproj", "{236338DB-D619-4F60-923A-9011B70DE63A}"
EndProject
Project("{8BC9CEB8-8B4A-11D0-8D11-00A0C91BC942}") = "day11", "day11\day11.vcxproj", "{029C4495-A89C-44AC-B2F0-29C47D5E83AC}"
EndProject
Project("{2150E333-8FDC-42A3-9474-1A3956D46DE8}") = "Solution Items", "Solution Items", "{12EF9075-7DAA-4CED-9622-72CD267D5170}"
	ProjectSection(SolutionItems) = preProject
		include\console.h = include\console.h
		include\thrower.h = include\thrower.h
	EndProjectSection
EndProject
Project("{8BC9CEB8-8B4A-11D0-8D11-00A0C91BC942}") = "day12", "day12\day12.vcxproj", "{ACD27BF2-9A71-4148-8220-60E91C0B0C8A}"
EndProject
Project("{8BC9CEB8-8B4A-11D0-8D11-00A0C91BC942}") = "day13", "day13\day13.vcxproj", "{F1F9113F-13E5-497D-8A70-3DC58D81BA42}"
EndProject
Project("{8BC9CEB8-8B4A-11D0-8D11-00A0C91BC942}") = "day14", "day14\day14.vcxproj", "{D448DD3F-D4A4-46AC-B603-F4D33EEE4F7E}"
EndProject
Project("{8BC9CEB8-8B4A-11D0-8D11-00A0C91BC942}") = "day15", "day15\day15.vcxproj", "{71EDCDBB-F72E-4ABD-8B28-8EADF1D845ED}"
EndProject
Project("{8BC9CEB8-8B4A-11D0-8D11-00A0C91BC942}") = "day16", "day16\day16.vcxproj", "{570BB963-9A27-49C8-8244-EB0E8EF6D3E3}"
EndProject
Project("{8BC9CEB8-8B4A-11D0-8D11-00A0C91BC942}") = "day17", "day17\day17.vcxproj", "{FA571C93-54AD-4437-A6A5-E7D40921D771}"
EndProject
Project("{8BC9CEB8-8B4A-11D0-8D11-00A0C91BC942}") = "day18", "day18\day18.vcxproj", "{99F66D0C-90C0-4370-B7E5-D2BC896C47CE}"
EndProject
Global
	GlobalSection(SolutionConfigurationPlatforms) = preSolution
		Debug|ARM = Debug|ARM
		Debug|ARM64 = Debug|ARM64
		Debug|ARM64EC = Debug|ARM64EC
		Debug|x64 = Debug|x64
		Debug|x86 = Debug|x86
		Release|ARM = Release|ARM
		Release|ARM64 = Release|ARM64
		Release|ARM64EC = Release|ARM64EC
		Release|x64 = Release|x64
		Release|x86 = Release|x86
	EndGlobalSection
	GlobalSection(ProjectConfigurationPlatforms) = postSolution
		{D68F49EF-F4EE-42E3-81C8-F2EDD3409AC2}.Debug|ARM.ActiveCfg = Debug|ARM
		{D68F49EF-F4EE-42E3-81C8-F2EDD3409AC2}.Debug|ARM.Build.0 = Debug|ARM
		{D68F49EF-F4EE-42E3-81C8-F2EDD3409AC2}.Debug|ARM64.ActiveCfg = Debug|ARM64
		{D68F49EF-F4EE-42E3-81C8-F2EDD3409AC2}.Debug|ARM64.Build.0 = Debug|ARM64
		{D68F49EF-F4EE-42E3-81C8-F2EDD3409AC2}.Debug|ARM64EC.ActiveCfg = Debug|ARM64EC
		{D68F49EF-F4EE-42E3-81C8-F2EDD3409AC2}.Debug|ARM64EC.Build.0 = Debug|ARM64EC
		{D68F49EF-F4EE-42E3-81C8-F2EDD3409AC2}.Debug|x64.ActiveCfg = Debug|x64
		{D68F49EF-F4EE-42E3-81C8-F2EDD3409AC2}.Debug|x64.Build.0 = Debug|x64
		{D68F49EF-F4EE-42E3-81C8-F2EDD3409AC2}.Debug|x86.ActiveCfg = Debug|Win32
		{D68F49EF-F4EE-42E3-81C8-F2EDD3409AC2}.Debug|x86.Build.0 = Debug|Win32
		{D68F49EF-F4EE-42E3-81C8-F2EDD3409AC2}.Release|ARM.ActiveCfg = Release|ARM
		{D68F49EF-F4EE-42E3-81C8-F2EDD3409AC2}.Release|ARM.Build.0 = Release|ARM
		{D68F49EF-F4EE-42E3-81C8-F2EDD3409AC2}.Release|ARM64.ActiveCfg = Release|ARM64
		{D68F49EF-F4EE-42E3-81C8-F2EDD3409AC2}.Release|ARM64.Build.0 = Release|ARM64
		{D68F49EF-F4EE-42E3-81C8-F2EDD3409AC2}.Release|ARM64EC.ActiveCfg = Release|ARM64EC
		{D68F49EF-F4EE-42E3-81C8-F2EDD3409AC2}.Release|ARM64EC.Build.0 = Release|ARM64EC
		{D68F49EF-F4EE-42E3-81C8-F2EDD3409AC2}.Release|x64.ActiveCfg = Release|x64
		{D68F49EF-F4EE-42E3-81C8-F2EDD3409AC2}.Release|x64.Build.0 = Release|x64
		{D68F49EF-F4EE-42E3-81C8-F2EDD3409AC2}.Release|x86.ActiveCfg = Release|Win32
		{D68F49EF-F4EE-42E3-81C8-F2EDD3409AC2}.Release|x86.Build.0 = Release|Win32
		{60AC355E-88E6-4328-85C1-305F7CACD6DD}.Debug|ARM.ActiveCfg = Debug|ARM
		{60AC355E-88E6-4328-85C1-305F7CACD6DD}.Debug|ARM.Build.0 = Debug|ARM
		{60AC355E-88E6-4328-85C1-305F7CACD6DD}.Debug|ARM64.ActiveCfg = Debug|ARM64
		{60AC355E-88E6-4328-85C1-305F7CACD6DD}.Debug|ARM64.Build.0 = Debug|ARM64
		{60AC355E-88E6-4328-85C1-305F7CACD6DD}.Debug|ARM64EC.ActiveCfg = Debug|ARM64EC
		{60AC355E-88E6-4328-85C1-305F7CACD6DD}.Debug|ARM64EC.Build.0 = Debug|ARM64EC
		{60AC355E-88E6-4328-85C1-305F7CACD6DD}.Debug|x64.ActiveCfg = Debug|x64
		{60AC355E-88E6-4328-85C1-305F7CACD6DD}.Debug|x64.Build.0 = Debug|x64
		{60AC355E-88E6-4328-85C1-305F7CACD6DD}.Debug|x86.ActiveCfg = Debug|Win32
		{60AC355E-88E6-4328-85C1-305F7CACD6DD}.Debug|x86.Build.0 = Debug|Win32
		{60AC355E-88E6-4328-85C1-305F7CACD6DD}.Release|ARM.ActiveCfg = Release|ARM
		{60AC355E-88E6-4328-85C1-305F7CACD6DD}.Release|ARM.Build.0 = Release|ARM
		{60AC355E-88E6-4328-85C1-305F7CACD6DD}.Release|ARM64.ActiveCfg = Release|ARM64
		{60AC355E-88E6-4328-85C1-305F7CACD6DD}.Release|ARM64.Build.0 = Release|ARM64
		{60AC355E-88E6-4328-85C1-305F7CACD6DD}.Release|ARM64EC.ActiveCfg = Release|ARM64EC
		{60AC355E-88E6-4328-85C1-305F7CACD6DD}.Release|ARM64EC.Build.0 = Release|ARM64EC
		{60AC355E-88E6-4328-85C1-305F7CACD6DD}.Release|x64.ActiveCfg = Release|x64
		{60AC355E-88E6-4328-85C1-305F7CACD6DD}.Release|x64.Build.0 = Release|x64
		{60AC355E-88E6-4328-85C1-305F7CACD6DD}.Release|x86.ActiveCfg = Release|Win32
		{60AC355E-88E6-4328-85C1-305F7CACD6DD}.Release|x86.Build.0 = Release|Win32
		{D108A4DC-B981-4AFB-9DF8-125BB4D060EC}.Debug|ARM.ActiveCfg = Debug|ARM
		{D108A4DC-B981-4AFB-9DF8-125BB4D060EC}.Debug|ARM.Build.0 = Debug|ARM
		{D108A4DC-B981-4AFB-9DF8-125BB4D060EC}.Debug|ARM64.ActiveCfg = Debug|ARM64
		{D108A4DC-B981-4AFB-9DF8-125BB4D060EC}.Debug|ARM64.Build.0 = Debug|ARM64
		{D108A4DC-B981-4AFB-9DF8-125BB4D060EC}.Debug|ARM64EC.ActiveCfg = Debug|ARM64EC
		{D108A4DC-B981-4AFB-9DF8-125BB4D060EC}.Debug|ARM64EC.Build.0 = Debug|ARM64EC
		{D108A4DC-B981-4AFB-9DF8-125BB4D060EC}.Debug|x64.ActiveCfg = Debug|x64
		{D108A4DC-B981-4AFB-9DF8-125BB4D060EC}.Debug|x64.Build.0 = Debug|x64
		{D108A4DC-B981-4AFB-9DF8-125BB4D060EC}.Debug|x86.ActiveCfg = Debug|Win32
		{D108A4DC-B981-4AFB-9DF8-125BB4D060EC}.Debug|x86.Build.0 = Debug|Win32
		{D108A4DC-B981-4AFB-9DF8-125BB4D060EC}.Release|ARM.ActiveCfg = Release|ARM
		{D108A4DC-B981-4AFB-9DF8-125BB4D060EC}.Release|ARM.Build.0 = Release|ARM
		{D108A4DC-B981-4AFB-9DF8-125BB4D060EC}.Release|ARM64.ActiveCfg = Release|ARM64
		{D108A4DC-B981-4AFB-9DF8-125BB4D060EC}.Release|ARM64.Build.0 = Release|ARM64
		{D108A4DC-B981-4AFB-9DF8-125BB4D060EC}.Release|ARM64EC.ActiveCfg = Release|ARM64EC
		{D108A4DC-B981-4AFB-9DF8-125BB4D060EC}.Release|ARM64EC.Build.0 = Release|ARM64EC
		{D108A4DC-B981-4AFB-9DF8-125BB4D060EC}.Release|x64.ActiveCfg = Release|x64
		{D108A4DC-B981-4AFB-9DF8-125BB4D060EC}.Release|x64.Build.0 = Release|x64
		{D108A4DC-B981-4AFB-9DF8-125BB4D060EC}.Release|x86.ActiveCfg = Release|Win32
		{D108A4DC-B981-4AFB-9DF8-125BB4D060EC}.Release|x86.Build.0 = Release|Win32
		{FE03DCB9-7083-4C47-B028-B3F05347CA40}.Debug|ARM.ActiveCfg = Debug|ARM
		{FE03DCB9-7083-4C47-B028-B3F05347CA40}.Debug|ARM.Build.0 = Debug|ARM
		{FE03DCB9-7083-4C47-B028-B3F05347CA40}.Debug|ARM64.ActiveCfg = Debug|ARM64
		{FE03DCB9-7083-4C47-B028-B3F05347CA40}.Debug|ARM64.Build.0 = Debug|ARM64
		{FE03DCB9-7083-4C47-B028-B3F05347CA40}.Debug|ARM64EC.ActiveCfg = Debug|ARM64EC
		{FE03DCB9-7083-4C47-B028-B3F05347CA40}.Debug|ARM64EC.Build.0 = Debug|ARM64EC
		{FE03DCB9-7083-4C47-B028-B3F05347CA40}.Debug|x64.ActiveCfg = Debug|x64
		{FE03DCB9-7083-4C47-B028-B3F05347CA40}.Debug|x64.Build.0 = Debug|x64
		{FE03DCB9-7083-4C47-B028-B3F05347CA40}.Debug|x86.ActiveCfg = Debug|Win32
		{FE03DCB9-7083-4C47-B028-B3F05347CA40}.Debug|x86.Build.0 = Debug|Win32
		{FE03DCB9-7083-4C47-B028-B3F05347CA40}.Release|ARM.ActiveCfg = Release|ARM
		{FE03DCB9-7083-4C47-B028-B3F05347CA40}.Release|ARM.Build.0 = Release|ARM
		{FE03DCB9-7083-4C47-B028-B3F05347CA40}.Release|ARM64.ActiveCfg = Release|ARM64
		{FE03DCB9-7083-4C47-B028-B3F05347CA40}.Release|ARM64.Build.0 = Release|ARM64
		{FE03DCB9-7083-4C47-B028-B3F05347CA40}.Release|ARM64EC.ActiveCfg = Release|ARM64EC
		{FE03DCB9-7083-4C47-B028-B3F05347CA40}.Release|ARM64EC.Build.0 = Release|ARM64EC
		{FE03DCB9-7083-4C47-B028-B3F05347CA40}.Release|x64.ActiveCfg = Release|x64
		{FE03DCB9-7083-4C47-B028-B3F05347CA40}.Release|x64.Build.0 = Release|x64
		{FE03DCB9-7083-4C47-B028-B3F05347CA40}.Release|x86.ActiveCfg = Release|Win32
		{FE03DCB9-7083-4C47-B028-B3F05347CA40}.Release|x86.Build.0 = Release|Win32
		{5C97E4ED-B711-457D-A2D3-193DBF641898}.Debug|ARM.ActiveCfg = Debug|ARM
		{5C97E4ED-B711-457D-A2D3-193DBF641898}.Debug|ARM.Build.0 = Debug|ARM
		{5C97E4ED-B711-457D-A2D3-193DBF641898}.Debug|ARM64.ActiveCfg = Debug|ARM64
		{5C97E4ED-B711-457D-A2D3-193DBF641898}.Debug|ARM64.Build.0 = Debug|ARM64
		{5C97E4ED-B711-457D-A2D3-193DBF641898}.Debug|ARM64EC.ActiveCfg = Debug|ARM64EC
		{5C97E4ED-B711-457D-A2D3-193DBF641898}.Debug|ARM64EC.Build.0 = Debug|ARM64EC
		{5C97E4ED-B711-457D-A2D3-193DBF641898}.Debug|x64.ActiveCfg = Debug|x64
		{5C97E4ED-B711-457D-A2D3-193DBF641898}.Debug|x64.Build.0 = Debug|x64
		{5C97E4ED-B711-457D-A2D3-193DBF641898}.Debug|x86.ActiveCfg = Debug|Win32
		{5C97E4ED-B711-457D-A2D3-193DBF641898}.Debug|x86.Build.0 = Debug|Win32
		{5C97E4ED-B711-457D-A2D3-193DBF641898}.Release|ARM.ActiveCfg = Release|ARM
		{5C97E4ED-B711-457D-A2D3-193DBF641898}.Release|ARM.Build.0 = Release|ARM
		{5C97E4ED-B711-457D-A2D3-193DBF641898}.Release|ARM64.ActiveCfg = Release|ARM64
		{5C97E4ED-B711-457D-A2D3-193DBF641898}.Release|ARM64.Build.0 = Release|ARM64
		{5C97E4ED-B711-457D-A2D3-193DBF641898}.Release|ARM64EC.ActiveCfg = Release|ARM64EC
		{5C97E4ED-B711-457D-A2D3-193DBF641898}.Release|ARM64EC.Build.0 = Release|ARM64EC
		{5C97E4ED-B711-457D-A2D3-193DBF641898}.Release|x64.ActiveCfg = Release|x64
		{5C97E4ED-B711-457D-A2D3-193DBF641898}.Release|x64.Build.0 = Release|x64
		{5C97E4ED-B711-457D-A2D3-193DBF641898}.Release|x86.ActiveCfg = Release|Win32
		{5C97E4ED-B711-457D-A2D3-193DBF641898}.Release|x86.Build.0 = Release|Win32
		{D5030F0E-7B8E-47FF-A9EF-15EDA26DADCD}.Debug|ARM.ActiveCfg = Debug|ARM
		{D5030F0E-7B8E-47FF-A9EF-15EDA26DADCD}.Debug|ARM.Build.0 = Debug|ARM
		{D5030F0E-7B8E-47FF-A9EF-15EDA26DADCD}.Debug|ARM64.ActiveCfg = Debug|ARM64
		{D5030F0E-7B8E-47FF-A9EF-15EDA26DADCD}.Debug|ARM64.Build.0 = Debug|ARM64
		{D5030F0E-7B8E-47FF-A9EF-15EDA26DADCD}.Debug|ARM64EC.ActiveCfg = Debug|ARM64EC
		{D5030F0E-7B8E-47FF-A9EF-15EDA26DADCD}.Debug|ARM64EC.Build.0 = Debug|ARM64EC
		{D5030F0E-7B8E-47FF-A9EF-15EDA26DADCD}.Debug|x64.ActiveCfg = Debug|x64
		{D5030F0E-7B8E-47FF-A9EF-15EDA26DADCD}.Debug|x64.Build.0 = Debug|x64
		{D5030F0E-7B8E-47FF-A9EF-15EDA26DADCD}.Debug|x86.ActiveCfg = Debug|Win32
		{D5030F0E-7B8E-47FF-A9EF-15EDA26DADCD}.Debug|x86.Build.0 = Debug|Win32
		{D5030F0E-7B8E-47FF-A9EF-15EDA26DADCD}.Release|ARM.ActiveCfg = Release|ARM
		{D5030F0E-7B8E-47FF-A9EF-15EDA26DADCD}.Release|ARM.Build.0 = Release|ARM
		{D5030F0E-7B8E-47FF-A9EF-15EDA26DADCD}.Release|ARM64.ActiveCfg = Release|ARM64
		{D5030F0E-7B8E-47FF-A9EF-15EDA26DADCD}.Release|ARM64.Build.0 = Release|ARM64
		{D5030F0E-7B8E-47FF-A9EF-15EDA26DADCD}.Release|ARM64EC.ActiveCfg = Release|ARM64EC
		{D5030F0E-7B8E-47FF-A9EF-15EDA26DADCD}.Release|ARM64EC.Build.0 = Release|ARM64EC
		{D5030F0E-7B8E-47FF-A9EF-15EDA26DADCD}.Release|x64.ActiveCfg = Release|x64
		{D5030F0E-7B8E-47FF-A9EF-15EDA26DADCD}.Release|x64.Build.0 = Release|x64
		{D5030F0E-7B8E-47FF-A9EF-15EDA26DADCD}.Release|x86.ActiveCfg = Release|Win32
		{D5030F0E-7B8E-47FF-A9EF-15EDA26DADCD}.Release|x86.Build.0 = Release|Win32
		{CA9BB1D6-80E8-4BB9-B622-1FDB1EFE50DA}.Debug|ARM.ActiveCfg = Debug|ARM
		{CA9BB1D6-80E8-4BB9-B622-1FDB1EFE50DA}.Debug|ARM.Build.0 = Debug|ARM
		{CA9BB1D6-80E8-4BB9-B622-1FDB1EFE50DA}.Debug|ARM64.ActiveCfg = Debug|ARM64
		{CA9BB1D6-80E8-4BB9-B622-1FDB1EFE50DA}.Debug|ARM64.Build.0 = Debug|ARM64
		{CA9BB1D6-80E8-4BB9-B622-1FDB1EFE50DA}.Debug|ARM64EC.ActiveCfg = Debug|ARM64EC
		{CA9BB1D6-80E8-4BB9-B622-1FDB1EFE50DA}.Debug|ARM64EC.Build.0 = Debug|ARM64EC
		{CA9BB1D6-80E8-4BB9-B622-1FDB1EFE50DA}.Debug|x64.ActiveCfg = Debug|x64
		{CA9BB1D6-80E8-4BB9-B622-1FDB1EFE50DA}.Debug|x64.Build.0 = Debug|x64
		{CA9BB1D6-80E8-4BB9-B622-1FDB1EFE50DA}.Debug|x86.ActiveCfg = Debug|Win32
		{CA9BB1D6-80E8-4BB9-B622-1FDB1EFE50DA}.Debug|x86.Build.0 = Debug|Win32
		{CA9BB1D6-80E8-4BB9-B622-1FDB1EFE50DA}.Release|ARM.ActiveCfg = Release|ARM
		{CA9BB1D6-80E8-4BB9-B622-1FDB1EFE50DA}.Release|ARM.Build.0 = Release|ARM
		{CA9BB1D6-80E8-4BB9-B622-1FDB1EFE50DA}.Release|ARM64.ActiveCfg = Release|ARM64
		{CA9BB1D6-80E8-4BB9-B622-1FDB1EFE50DA}.Release|ARM64.Build.0 = Release|ARM64
		{CA9BB1D6-80E8-4BB9-B622-1FDB1EFE50DA}.Release|ARM64EC.ActiveCfg = Release|ARM64EC
		{CA9BB1D6-80E8-4BB9-B622-1FDB1EFE50DA}.Release|ARM64EC.Build.0 = Release|ARM64EC
		{CA9BB1D6-80E8-4BB9-B622-1FDB1EFE50DA}.Release|x64.ActiveCfg = Release|x64
		{CA9BB1D6-80E8-4BB9-B622-1FDB1EFE50DA}.Release|x64.Build.0 = Release|x64
		{CA9BB1D6-80E8-4BB9-B622-1FDB1EFE50DA}.Release|x86.ActiveCfg = Release|Win32
		{CA9BB1D6-80E8-4BB9-B622-1FDB1EFE50DA}.Release|x86.Build.0 = Release|Win32
		{247021DF-A25F-4C0F-9D92-68F963959887}.Debug|ARM.ActiveCfg = Debug|ARM
		{247021DF-A25F-4C0F-9D92-68F963959887}.Debug|ARM.Build.0 = Debug|ARM
		{247021DF-A25F-4C0F-9D92-68F963959887}.Debug|ARM64.ActiveCfg = Debug|ARM64
		{247021DF-A25F-4C0F-9D92-68F963959887}.Debug|ARM64.Build.0 = Debug|ARM64
		{247021DF-A25F-4C0F-9D92-68F963959887}.Debug|ARM64EC.ActiveCfg = Debug|ARM64EC
		{247021DF-A25F-4C0F-9D92-68F963959887}.Debug|ARM64EC.Build.0 = Debug|ARM64EC
		{247021DF-A25F-4C0F-9D92-68F963959887}.Debug|x64.ActiveCfg = Debug|x64
		{247021DF-A25F-4C0F-9D92-68F963959887}.Debug|x64.Build.0 = Debug|x64
		{247021DF-A25F-4C0F-9D92-68F963959887}.Debug|x86.ActiveCfg = Debug|Win32
		{247021DF-A25F-4C0F-9D92-68F963959887}.Debug|x86.Build.0 = Debug|Win32
		{247021DF-A25F-4C0F-9D92-68F963959887}.Release|ARM.ActiveCfg = Release|ARM
		{247021DF-A25F-4C0F-9D92-68F963959887}.Release|ARM.Build.0 = Release|ARM
		{247021DF-A25F-4C0F-9D92-68F963959887}.Release|ARM64.ActiveCfg = Release|ARM64
		{247021DF-A25F-4C0F-9D92-68F963959887}.Release|ARM64.Build.0 = Release|ARM64
		{247021DF-A25F-4C0F-9D92-68F963959887}.Release|ARM64EC.ActiveCfg = Release|ARM64EC
		{247021DF-A25F-4C0F-9D92-68F963959887}.Release|ARM64EC.Build.0 = Release|ARM64EC
		{247021DF-A25F-4C0F-9D92-68F963959887}.Release|x64.ActiveCfg = Release|x64
		{247021DF-A25F-4C0F-9D92-68F963959887}.Release|x64.Build.0 = Release|x64
		{247021DF-A25F-4C0F-9D92-68F963959887}.Release|x86.ActiveCfg = Release|Win32
		{247021DF-A25F-4C0F-9D92-68F963959887}.Release|x86.Build.0 = Release|Win32
		{236338DB-D619-4F60-923A-9011B70DE63A}.Debug|ARM.ActiveCfg = Debug|ARM
		{236338DB-D619-4F60-923A-9011B70DE63A}.Debug|ARM.Build.0 = Debug|ARM
		{236338DB-D619-4F60-923A-9011B70DE63A}.Debug|ARM64.ActiveCfg = Debug|ARM64
		{236338DB-D619-4F60-923A-9011B70DE63A}.Debug|ARM64.Build.0 = Debug|ARM64
		{236338DB-D619-4F60-923A-9011B70DE63A}.Debug|ARM64EC.ActiveCfg = Debug|ARM64EC
		{236338DB-D619-4F60-923A-9011B70DE63A}.Debug|ARM64EC.Build.0 = Debug|ARM64EC
		{236338DB-D619-4F60-923A-9011B70DE63A}.Debug|x64.ActiveCfg = Debug|x64
		{236338DB-D619-4F60-923A-9011B70DE63A}.Debug|x64.Build.0 = Debug|x64
		{236338DB-D619-4F60-923A-9011B70DE63A}.Debug|x86.ActiveCfg = Debug|Win32
		{236338DB-D619-4F60-923A-9011B70DE63A}.Debug|x86.Build.0 = Debug|Win32
		{236338DB-D619-4F60-923A-9011B70DE63A}.Release|ARM.ActiveCfg = Release|ARM
		{236338DB-D619-4F60-923A-9011B70DE63A}.Release|ARM.Build.0 = Release|ARM
		{236338DB-D619-4F60-923A-9011B70DE63A}.Release|ARM64.ActiveCfg = Release|ARM64
		{236338DB-D619-4F60-923A-9011B70DE63A}.Release|ARM64.Build.0 = Release|ARM64
		{236338DB-D619-4F60-923A-9011B70DE63A}.Release|ARM64EC.ActiveCfg = Release|ARM64EC
		{236338DB-D619-4F60-923A-9011B70DE63A}.Release|ARM64EC.Build.0 = Release|ARM64EC
		{236338DB-D619-4F60-923A-9011B70DE63A}.Release|x64.ActiveCfg = Release|x64
		{236338DB-D619-4F60-923A-9011B70DE63A}.Release|x64.Build.0 = Release|x64
		{236338DB-D619-4F60-923A-9011B70DE63A}.Release|x86.ActiveCfg = Release|Win32
		{236338DB-D619-4F60-923A-9011B70DE63A}.Release|x86.Build.0 = Release|Win32
		{029C4495-A89C-44AC-B2F0-29C47D5E83AC}.Debug|ARM.ActiveCfg = Debug|ARM
		{029C4495-A89C-44AC-B2F0-29C47D5E83AC}.Debug|ARM.Build.0 = Debug|ARM
		{029C4495-A89C-44AC-B2F0-29C47D5E83AC}.Debug|ARM64.ActiveCfg = Debug|ARM64
		{029C4495-A89C-44AC-B2F0-29C47D5E83AC}.Debug|ARM64.Build.0 = Debug|ARM64
		{029C4495-A89C-44AC-B2F0-29C47D5E83AC}.Debug|ARM64EC.ActiveCfg = Debug|ARM64EC
		{029C4495-A89C-44AC-B2F0-29C47D5E83AC}.Debug|ARM64EC.Build.0 = Debug|ARM64EC
		{029C4495-A89C-44AC-B2F0-29C47D5E83AC}.Debug|x64.ActiveCfg = Debug|x64
		{029C4495-A89C-44AC-B2F0-29C47D5E83AC}.Debug|x64.Build.0 = Debug|x64
		{029C4495-A89C-44AC-B2F0-29C47D5E83AC}.Debug|x86.ActiveCfg = Debug|Win32
		{029C4495-A89C-44AC-B2F0-29C47D5E83AC}.Debug|x86.Build.0 = Debug|Win32
		{029C4495-A89C-44AC-B2F0-29C47D5E83AC}.Release|ARM.ActiveCfg = Release|ARM
		{029C4495-A89C-44AC-B2F0-29C47D5E83AC}.Release|ARM.Build.0 = Release|ARM
		{029C4495-A89C-44AC-B2F0-29C47D5E83AC}.Release|ARM64.ActiveCfg = Release|ARM64
		{029C4495-A89C-44AC-B2F0-29C47D5E83AC}.Release|ARM64.Build.0 = Release|ARM64
		{029C4495-A89C-44AC-B2F0-29C47D5E83AC}.Release|ARM64EC.ActiveCfg = Release|ARM64EC
		{029C4495-A89C-44AC-B2F0-29C47D5E83AC}.Release|ARM64EC.Build.0 = Release|ARM64EC
		{029C4495-A89C-44AC-B2F0-29C47D5E83AC}.Release|x64.ActiveCfg = Release|x64
		{029C4495-A89C-44AC-B2F0-29C47D5E83AC}.Release|x64.Build.0 = Release|x64
		{029C4495-A89C-44AC-B2F0-29C47D5E83AC}.Release|x86.ActiveCfg = Release|Win32
		{029C4495-A89C-44AC-B2F0-29C47D5E83AC}.Release|x86.Build.0 = Release|Win32
		{ACD27BF2-9A71-4148-8220-60E91C0B0C8A}.Debug|ARM.ActiveCfg = Debug|ARM
		{ACD27BF2-9A71-4148-8220-60E91C0B0C8A}.Debug|ARM.Build.0 = Debug|ARM
		{ACD27BF2-9A71-4148-8220-60E91C0B0C8A}.Debug|ARM64.ActiveCfg = Debug|ARM64
		{ACD27BF2-9A71-4148-8220-60E91C0B0C8A}.Debug|ARM64.Build.0 = Debug|ARM64
		{ACD27BF2-9A71-4148-8220-60E91C0B0C8A}.Debug|ARM64EC.ActiveCfg = Debug|ARM64EC
		{ACD27BF2-9A71-4148-8220-60E91C0B0C8A}.Debug|ARM64EC.Build.0 = Debug|ARM64EC
		{ACD27BF2-9A71-4148-8220-60E91C0B0C8A}.Debug|x64.ActiveCfg = Debug|x64
		{ACD27BF2-9A71-4148-8220-60E91C0B0C8A}.Debug|x64.Build.0 = Debug|x64
		{ACD27BF2-9A71-4148-8220-60E91C0B0C8A}.Debug|x86.ActiveCfg = Debug|Win32
		{ACD27BF2-9A71-4148-8220-60E91C0B0C8A}.Debug|x86.Build.0 = Debug|Win32
		{ACD27BF2-9A71-4148-8220-60E91C0B0C8A}.Release|ARM.ActiveCfg = Release|ARM
		{ACD27BF2-9A71-4148-8220-60E91C0B0C8A}.Release|ARM.Build.0 = Release|ARM
		{ACD27BF2-9A71-4148-8220-60E91C0B0C8A}.Release|ARM64.ActiveCfg = Release|ARM64
		{ACD27BF2-9A71-4148-8220-60E91C0B0C8A}.Release|ARM64.Build.0 = Release|ARM64
		{ACD27BF2-9A71-4148-8220-60E91C0B0C8A}.Release|ARM64EC.ActiveCfg = Release|ARM64EC
		{ACD27BF2-9A71-4148-8220-60E91C0B0C8A}.Release|ARM64EC.Build.0 = Release|ARM64EC
		{ACD27BF2-9A71-4148-8220-60E91C0B0C8A}.Release|x64.ActiveCfg = Release|x64
		{ACD27BF2-9A71-4148-8220-60E91C0B0C8A}.Release|x64.Build.0 = Release|x64
		{ACD27BF2-9A71-4148-8220-60E91C0B0C8A}.Release|x86.ActiveCfg = Release|Win32
		{ACD27BF2-9A71-4148-8220-60E91C0B0C8A}.Release|x86.Build.0 = Release|Win32
		{F1F9113F-13E5-497D-8A70-3DC58D81BA42}.Debug|ARM.ActiveCfg = Debug|ARM
		{F1F9113F-13E5-497D-8A70-3DC58D81BA42}.Debug|ARM.Build.0 = Debug|ARM
		{F1F9113F-13E5-497D-8A70-3DC58D81BA42}.Debug|ARM64.ActiveCfg = Debug|ARM64
		{F1F9113F-13E5-497D-8A70-3DC58D81BA42}.Debug|ARM64.Build.0 = Debug|ARM64
		{F1F9113F-13E5-497D-8A70-3DC58D81BA42}.Debug|ARM64EC.ActiveCfg = Debug|ARM64EC
		{F1F9113F-13E5-497D-8A70-3DC58D81BA42}.Debug|ARM64EC.Build.0 = Debug|ARM64EC
		{F1F9113F-13E5-497D-8A70-3DC58D81BA42}.Debug|x64.ActiveCfg = Debug|x64
		{F1F9113F-13E5-497D-8A70-3DC58D81BA42}.Debug|x64.Build.0 = Debug|x64
		{F1F9113F-13E5-497D-8A70-3DC58D81BA42}.Debug|x86.ActiveCfg = Debug|Win32
		{F1F9113F-13E5-497D-8A70-3DC58D81BA42}.Debug|x86.Build.0 = Debug|Win32
		{F1F9113F-13E5-497D-8A70-3DC58D81BA42}.Release|ARM.ActiveCfg = Release|ARM
		{F1F9113F-13E5-497D-8A70-3DC58D81BA42}.Release|ARM.Build.0 = Release|ARM
		{F1F9113F-13E5-497D-8A70-3DC58D81BA42}.Release|ARM64.ActiveCfg = Release|ARM64
		{F1F9113F-13E5-497D-8A70-3DC58D81BA42}.Release|ARM64.Build.0 = Release|ARM64
		{F1F9113F-13E5-497D-8A70-3DC58D81BA42}.Release|ARM64EC.ActiveCfg = Release|ARM64EC
		{F1F9113F-13E5-497D-8A70-3DC58D81BA42}.Release|ARM64EC.Build.0 = Release|ARM64EC
		{F1F9113F-13E5-497D-8A70-3DC58D81BA42}.Release|x64.ActiveCfg = Release|x64
		{F1F9113F-13E5-497D-8A70-3DC58D81BA42}.Release|x64.Build.0 = Release|x64
		{F1F9113F-13E5-497D-8A70-3DC58D81BA42}.Release|x86.ActiveCfg = Release|Win32
		{F1F9113F-13E5-497D-8A70-3DC58D81BA42}.Release|x86.Build.0 = Release|Win32
		{D448DD3F-D4A4-46AC-B603-F4D33EEE4F7E}.Debug|ARM.ActiveCfg = Debug|ARM
		{D448DD3F-D4A4-46AC-B603-F4D33EEE4F7E}.Debug|ARM.Build.0 = Debug|ARM
		{D448DD3F-D4A4-46AC-B603-F4D33EEE4F7E}.Debug|ARM64.ActiveCfg = Debug|ARM64
		{D448DD3F-D4A4-46AC-B603-F4D33EEE4F7E}.Debug|ARM64.Build.0 = Debug|ARM64
		{D448DD3F-D4A4-46AC-B603-F4D33EEE4F7E}.Debug|ARM64EC.ActiveCfg = Debug|ARM64EC
		{D448DD3F-D4A4-46AC-B603-F4D33EEE4F7E}.Debug|ARM64EC.Build.0 = Debug|ARM64EC
		{D448DD3F-D4A4-46AC-B603-F4D33EEE4F7E}.Debug|x64.ActiveCfg = Debug|x64
		{D448DD3F-D4A4-46AC-B603-F4D33EEE4F7E}.Debug|x64.Build.0 = Debug|x64
		{D448DD3F-D4A4-46AC-B603-F4D33EEE4F7E}.Debug|x86.ActiveCfg = Debug|Win32
		{D448DD3F-D4A4-46AC-B603-F4D33EEE4F7E}.Debug|x86.Build.0 = Debug|Win32
		{D448DD3F-D4A4-46AC-B603-F4D33EEE4F7E}.Release|ARM.ActiveCfg = Release|ARM
		{D448DD3F-D4A4-46AC-B603-F4D33EEE4F7E}.Release|ARM.Build.0 = Release|ARM
		{D448DD3F-D4A4-46AC-B603-F4D33EEE4F7E}.Release|ARM64.ActiveCfg = Release|ARM64
		{D448DD3F-D4A4-46AC-B603-F4D33EEE4F7E}.Release|ARM64.Build.0 = Release|ARM64
		{D448DD3F-D4A4-46AC-B603-F4D33EEE4F7E}.Release|ARM64EC.ActiveCfg = Release|ARM64EC
		{D448DD3F-D4A4-46AC-B603-F4D33EEE4F7E}.Release|ARM64EC.Build.0 = Release|ARM64EC
		{D448DD3F-D4A4-46AC-B603-F4D33EEE4F7E}.Release|x64.ActiveCfg = Release|x64
		{D448DD3F-D4A4-46AC-B603-F4D33EEE4F7E}.Release|x64.Build.0 = Release|x64
		{D448DD3F-D4A4-46AC-B603-F4D33EEE4F7E}.Release|x86.ActiveCfg = Release|Win32
		{D448DD3F-D4A4-46AC-B603-F4D33EEE4F7E}.Release|x86.Build.0 = Release|Win32
		{71EDCDBB-F72E-4ABD-8B28-8EADF1D845ED}.Debug|ARM.ActiveCfg = Debug|ARM
		{71EDCDBB-F72E-4ABD-8B28-8EADF1D845ED}.Debug|ARM.Build.0 = Debug|ARM
		{71EDCDBB-F72E-4ABD-8B28-8EADF1D845ED}.Debug|ARM64.ActiveCfg = Debug|ARM64
		{71EDCDBB-F72E-4ABD-8B28-8EADF1D845ED}.Debug|ARM64.Build.0 = Debug|ARM64
		{71EDCDBB-F72E-4ABD-8B28-8EADF1D845ED}.Debug|ARM64EC.ActiveCfg = Debug|ARM64EC
		{71EDCDBB-F72E-4ABD-8B28-8EADF1D845ED}.Debug|ARM64EC.Build.0 = Debug|ARM64EC
		{71EDCDBB-F72E-4ABD-8B28-8EADF1D845ED}.Debug|x64.ActiveCfg = Debug|x64
		{71EDCDBB-F72E-4ABD-8B28-8EADF1D845ED}.Debug|x64.Build.0 = Debug|x64
		{71EDCDBB-F72E-4ABD-8B28-8EADF1D845ED}.Debug|x86.ActiveCfg = Debug|Win32
		{71EDCDBB-F72E-4ABD-8B28-8EADF1D845ED}.Debug|x86.Build.0 = Debug|Win32
		{71EDCDBB-F72E-4ABD-8B28-8EADF1D845ED}.Release|ARM.ActiveCfg = Release|ARM
		{71EDCDBB-F72E-4ABD-8B28-8EADF1D845ED}.Release|ARM.Build.0 = Release|ARM
		{71EDCDBB-F72E-4ABD-8B28-8EADF1D845ED}.Release|ARM64.ActiveCfg = Release|ARM64
		{71EDCDBB-F72E-4ABD-8B28-8EADF1D845ED}.Release|ARM64.Build.0 = Release|ARM64
		{71EDCDBB-F72E-4ABD-8B28-8EADF1D845ED}.Release|ARM64EC.ActiveCfg = Release|ARM64EC
		{71EDCDBB-F72E-4ABD-8B28-8EADF1D845ED}.Release|ARM64EC.Build.0 = Release|ARM64EC
		{71EDCDBB-F72E-4ABD-8B28-8EADF1D845ED}.Release|x64.ActiveCfg = Release|x64
		{71EDCDBB-F72E-4ABD-8B28-8EADF1D845ED}.Release|x64.Build.0 = Release|x64
		{71EDCDBB-F72E-4ABD-8B28-8EADF1D845ED}.Release|x86.ActiveCfg = Release|Win32
		{71EDCDBB-F72E-4ABD-8B28-8EADF1D845ED}.Release|x86.Build.0 = Release|Win32
		{570BB963-9A27-49C8-8244-EB0E8EF6D3E3}.Debug|ARM.ActiveCfg = Debug|ARM
		{570BB963-9A27-49C8-8244-EB0E8EF6D3E3}.Debug|ARM.Build.0 = Debug|ARM
		{570BB963-9A27-49C8-8244-EB0E8EF6D3E3}.Debug|ARM64.ActiveCfg = Debug|ARM64
		{570BB963-9A27-49C8-8244-EB0E8EF6D3E3}.Debug|ARM64.Build.0 = Debug|ARM64
		{570BB963-9A27-49C8-8244-EB0E8EF6D3E3}.Debug|ARM64EC.ActiveCfg = Debug|ARM64EC
		{570BB963-9A27-49C8-8244-EB0E8EF6D3E3}.Debug|ARM64EC.Build.0 = Debug|ARM64EC
		{570BB963-9A27-49C8-8244-EB0E8EF6D3E3}.Debug|x64.ActiveCfg = Debug|x64
		{570BB963-9A27-49C8-8244-EB0E8EF6D3E3}.Debug|x64.Build.0 = Debug|x64
		{570BB963-9A27-49C8-8244-EB0E8EF6D3E3}.Debug|x86.ActiveCfg = Debug|Win32
		{570BB963-9A27-49C8-8244-EB0E8EF6D3E3}.Debug|x86.Build.0 = Debug|Win32
		{570BB963-9A27-49C8-8244-EB0E8EF6D3E3}.Release|ARM.ActiveCfg = Release|ARM
		{570BB963-9A27-49C8-8244-EB0E8EF6D3E3}.Release|ARM.Build.0 = Release|ARM
		{570BB963-9A27-49C8-8244-EB0E8EF6D3E3}.Release|ARM64.ActiveCfg = Release|ARM64
		{570BB963-9A27-49C8-8244-EB0E8EF6D3E3}.Release|ARM64.Build.0 = Release|ARM64
		{570BB963-9A27-49C8-8244-EB0E8EF6D3E3}.Release|ARM64EC.ActiveCfg = Release|ARM64EC
		{570BB963-9A27-49C8-8244-EB0E8EF6D3E3}.Release|ARM64EC.Build.0 = Release|ARM64EC
		{570BB963-9A27-49C8-8244-EB0E8EF6D3E3}.Release|x64.ActiveCfg = Release|x64
		{570BB963-9A27-49C8-8244-EB0E8EF6D3E3}.Release|x64.Build.0 = Release|x64
		{570BB963-9A27-49C8-8244-EB0E8EF6D3E3}.Release|x86.ActiveCfg = Release|Win32
		{570BB963-9A27-49C8-8244-EB0E8EF6D3E3}.Release|x86.Build.0 = Release|Win32
		{FA571C93-54AD-4437-A6A5-E7D40921D771}.Debug|ARM.ActiveCfg = Debug|ARM
		{FA571C93-54AD-4437-A6A5-E7D40921D771}.Debug|ARM.Build.0 = Debug|ARM
		{FA571C93-54AD-4437-A6A5-E7D40921D771}.Debug|ARM64.ActiveCfg = Debug|ARM64
		{FA571C93-54AD-4437-A6A5-E7D40921D771}.Debug|ARM64.Build.0 = Debug|ARM64
		{FA571C93-54AD-4437-A6A5-E7D40921D771}.Debug|ARM64EC.ActiveCfg = Debug|ARM64EC
		{FA571C93-54AD-4437-A6A5-E7D40921D771}.Debug|ARM64EC.Build.0 = Debug|ARM64EC
		{FA571C93-54AD-4437-A6A5-E7D40921D771}.Debug|x64.ActiveCfg = Debug|x64
		{FA571C93-54AD-4437-A6A5-E7D40921D771}.Debug|x64.Build.0 = Debug|x64
		{FA571C93-54AD-4437-A6A5-E7D40921D771}.Debug|x86.ActiveCfg = Debug|Win32
		{FA571C93-54AD-4437-A6A5-E7D40921D771}.Debug|x86.Build.0 = Debug|Win32
		{FA571C93-54AD-4437-A6A5-E7D40921D771}.Release|ARM.ActiveCfg = Release|ARM
		{FA571C93-54AD-4437-A6A5-E7D40921D771}.Release|ARM.Build.0 = Release|ARM
		{FA571C93-54AD-4437-A6A5-E7D40921D771}.Release|ARM64.ActiveCfg = Release|ARM64
		{FA571C93-54AD-4437-A6A5-E7D40921D771}.Release|ARM64.Build.0 = Release|ARM64
		{FA571C93-54AD-4437-A6A5-E7D40921D771}.Release|ARM64EC.ActiveCfg = Release|ARM64EC
		{FA571C93-54AD-4437-A6A5-E7D40921D771}.Release|ARM64EC.Build.0 = Release|ARM64EC
		{FA571C93-54AD-4437-A6A5-E7D40921D771}.Release|x64.ActiveCfg = Release|x64
		{FA571C93-54AD-4437-A6A5-E7D40921D771}.Release|x64.Build.0 = Release|x64
		{FA571C93-54AD-4437-A6A5-E7D40921D771}.Release|x86.ActiveCfg = Release|Win32
		{FA571C93-54AD-4437-A6A5-E7D40921D771}.Release|x86.Build.0 = Release|Win32
		{99F66D0C-90C0-4370-B7E5-D2BC896C47CE}.Debug|ARM.ActiveCfg = Debug|ARM
		{99F66D0C-90C0-4370-B7E5-D2BC896C47CE}.Debug|ARM.Build.0 = Debug|ARM
		{99F66D0C-90C0-4370-B7E5-D2BC896C47CE}.Debug|ARM64.ActiveCfg = Debug|ARM64
		{99F66D0C-90C0-4370-B7E5-D2BC896C47CE}.Debug|ARM64.Build.0 = Debug|ARM64
		{99F66D0C-90C0-4370-B7E5-D2BC896C47CE}.Debug|ARM64EC.ActiveCfg = Debug|ARM64EC
		{99F66D0C-90C0-4370-B7E5-D2BC896C47CE}.Debug|ARM64EC.Build.0 = Debug|ARM64EC
		{99F66D0C-90C0-4370-B7E5-D2BC896C47CE}.Debug|x64.ActiveCfg = Debug|x64
		{99F66D0C-90C0-4370-B7E5-D2BC896C47CE}.Debug|x64.Build.0 = Debug|x64
		{99F66D0C-90C0-4370-B7E5-D2BC896C47CE}.Debug|x86.ActiveCfg = Debug|Win32
		{99F66D0C-90C0-4370-B7E5-D2BC896C47CE}.Debug|x86.Build.0 = Debug|Win32
		{99F66D0C-90C0-4370-B7E5-D2BC896C47CE}.Release|ARM.ActiveCfg = Release|ARM
		{99F66D0C-90C0-4370-B7E5-D2BC896C47CE}.Release|ARM.Build.0 = Release|ARM
		{99F66D0C-90C0-4370-B7E5-D2BC896C47CE}.Release|ARM64.ActiveCfg = Release|ARM64
		{99F66D0C-90C0-4370-B7E5-D2BC896C47CE}.Release|ARM64.Build.0 = Release|ARM64
		{99F66D0C-90C0-4370-B7E5-D2BC896C47CE}.Release|ARM64EC.ActiveCfg = Release|ARM64EC
		{99F66D0C-90C0-4370-B7E5-D2BC896C47CE}.Release|ARM64EC.Build.0 = Release|ARM64EC
		{99F66D0C-90C0-4370-B7E5-D2BC896C47CE}.Release|x64.ActiveCfg = Release|x64
		{99F66D0C-90C0-4370-B7E5-D2BC896C47CE}.Release|x64.Build.0 = Release|x64
		{99F66D0C-90C0-4370-B7E5-D2BC896C47CE}.Release|x86.ActiveCfg = Release|Win32
		{99F66D0C-90C0-4370-B7E5-D2BC896C47CE}.Release|x86.Build.0 = Release|Win32
	EndGlobalSection
	GlobalSection(SolutionProperties) = preSolution
		HideSolutionNode = FALSE
	EndGlobalSection
	GlobalSection(ExtensibilityGlobals) = postSolution
		SolutionGuid = {AD7701F8-E9F7-49C9-A291-833A41223A71}
	EndGlobalSection
EndGlobal
